// !$*UTF8*$!
{
	archiveVersion = 1;
	classes = {
	};
	objectVersion = 50;
	objects = {

/* Begin PBXBuildFile section */
		9F50991624CF681F00FA2DEA /* AppDelegate.swift in Sources */ = {isa = PBXBuildFile; fileRef = 9F50991524CF681F00FA2DEA /* AppDelegate.swift */; };
		9F50991824CF681F00FA2DEA /* SceneDelegate.swift in Sources */ = {isa = PBXBuildFile; fileRef = 9F50991724CF681F00FA2DEA /* SceneDelegate.swift */; };
		9F50991D24CF681F00FA2DEA /* Main.storyboard in Resources */ = {isa = PBXBuildFile; fileRef = 9F50991B24CF681F00FA2DEA /* Main.storyboard */; };
		9F50991F24CF682100FA2DEA /* Assets.xcassets in Resources */ = {isa = PBXBuildFile; fileRef = 9F50991E24CF682100FA2DEA /* Assets.xcassets */; };
		9F50992224CF682100FA2DEA /* LaunchScreen.storyboard in Resources */ = {isa = PBXBuildFile; fileRef = 9F50992024CF682100FA2DEA /* LaunchScreen.storyboard */; };
		9F50992F24CF6A0800FA2DEA /* Alarm.swift in Sources */ = {isa = PBXBuildFile; fileRef = 9F50992E24CF6A0800FA2DEA /* Alarm.swift */; };
		9F50993124CF6C9800FA2DEA /* AlarmController.swift in Sources */ = {isa = PBXBuildFile; fileRef = 9F50993024CF6C9800FA2DEA /* AlarmController.swift */; };
		9F50993524CF7D8400FA2DEA /* AlarmListTableViewController.swift in Sources */ = {isa = PBXBuildFile; fileRef = 9F50993424CF7D8400FA2DEA /* AlarmListTableViewController.swift */; };
		9F50993724CF7D9300FA2DEA /* AlarmDetailTableViewController.swift in Sources */ = {isa = PBXBuildFile; fileRef = 9F50993624CF7D9300FA2DEA /* AlarmDetailTableViewController.swift */; };
		9F50993A24CF7DC100FA2DEA /* AlarmTableViewCell.swift in Sources */ = {isa = PBXBuildFile; fileRef = 9F50993924CF7DC100FA2DEA /* AlarmTableViewCell.swift */; };
/* End PBXBuildFile section */

/* Begin PBXFileReference section */
		9F50991224CF681F00FA2DEA /* AlarmiOS35.app */ = {isa = PBXFileReference; explicitFileType = wrapper.application; includeInIndex = 0; path = AlarmiOS35.app; sourceTree = BUILT_PRODUCTS_DIR; };
		9F50991524CF681F00FA2DEA /* AppDelegate.swift */ = {isa = PBXFileReference; lastKnownFileType = sourcecode.swift; path = AppDelegate.swift; sourceTree = "<group>"; };
		9F50991724CF681F00FA2DEA /* SceneDelegate.swift */ = {isa = PBXFileReference; lastKnownFileType = sourcecode.swift; path = SceneDelegate.swift; sourceTree = "<group>"; };
		9F50991C24CF681F00FA2DEA /* Base */ = {isa = PBXFileReference; lastKnownFileType = file.storyboard; name = Base; path = Base.lproj/Main.storyboard; sourceTree = "<group>"; };
		9F50991E24CF682100FA2DEA /* Assets.xcassets */ = {isa = PBXFileReference; lastKnownFileType = folder.assetcatalog; path = Assets.xcassets; sourceTree = "<group>"; };
		9F50992124CF682100FA2DEA /* Base */ = {isa = PBXFileReference; lastKnownFileType = file.storyboard; name = Base; path = Base.lproj/LaunchScreen.storyboard; sourceTree = "<group>"; };
		9F50992324CF682100FA2DEA /* Info.plist */ = {isa = PBXFileReference; lastKnownFileType = text.plist.xml; path = Info.plist; sourceTree = "<group>"; };
		9F50992E24CF6A0800FA2DEA /* Alarm.swift */ = {isa = PBXFileReference; lastKnownFileType = sourcecode.swift; path = Alarm.swift; sourceTree = "<group>"; };
		9F50993024CF6C9800FA2DEA /* AlarmController.swift */ = {isa = PBXFileReference; lastKnownFileType = sourcecode.swift; path = AlarmController.swift; sourceTree = "<group>"; };
		9F50993424CF7D8400FA2DEA /* AlarmListTableViewController.swift */ = {isa = PBXFileReference; lastKnownFileType = sourcecode.swift; path = AlarmListTableViewController.swift; sourceTree = "<group>"; };
		9F50993624CF7D9300FA2DEA /* AlarmDetailTableViewController.swift */ = {isa = PBXFileReference; lastKnownFileType = sourcecode.swift; path = AlarmDetailTableViewController.swift; sourceTree = "<group>"; };
		9F50993924CF7DC100FA2DEA /* AlarmTableViewCell.swift */ = {isa = PBXFileReference; lastKnownFileType = sourcecode.swift; path = AlarmTableViewCell.swift; sourceTree = "<group>"; };
/* End PBXFileReference section */

/* Begin PBXFrameworksBuildPhase section */
		9F50990F24CF681F00FA2DEA /* Frameworks */ = {
			isa = PBXFrameworksBuildPhase;
			buildActionMask = 2147483647;
			files = (
			);
			runOnlyForDeploymentPostprocessing = 0;
		};
/* End PBXFrameworksBuildPhase section */

/* Begin PBXGroup section */
		9F50990924CF681F00FA2DEA = {
			isa = PBXGroup;
			children = (
				9F50991424CF681F00FA2DEA /* AlarmiOS35 */,
				9F50991324CF681F00FA2DEA /* Products */,
			);
			sourceTree = "<group>";
		};
		9F50991324CF681F00FA2DEA /* Products */ = {
			isa = PBXGroup;
			children = (
				9F50991224CF681F00FA2DEA /* AlarmiOS35.app */,
			);
			name = Products;
			sourceTree = "<group>";
		};
		9F50991424CF681F00FA2DEA /* AlarmiOS35 */ = {
			isa = PBXGroup;
			children = (
				9F50992C24CF69A000FA2DEA /* Models */,
				9F50992A24CF699800FA2DEA /* Controllers */,
				9F50993824CF7D9D00FA2DEA /* Views */,
				9F50992D24CF69E000FA2DEA /* Storyboards */,
				9F50992924CF683100FA2DEA /* Resources */,
			);
			path = AlarmiOS35;
			sourceTree = "<group>";
		};
		9F50992924CF683100FA2DEA /* Resources */ = {
			isa = PBXGroup;
			children = (
				9F50991524CF681F00FA2DEA /* AppDelegate.swift */,
				9F50991724CF681F00FA2DEA /* SceneDelegate.swift */,
				9F50991E24CF682100FA2DEA /* Assets.xcassets */,
				9F50992024CF682100FA2DEA /* LaunchScreen.storyboard */,
				9F50992324CF682100FA2DEA /* Info.plist */,
			);
			path = Resources;
			sourceTree = "<group>";
		};
		9F50992A24CF699800FA2DEA /* Controllers */ = {
			isa = PBXGroup;
			children = (
				9F50993324CF7C7E00FA2DEA /* Model Controllers */,
				9F50993224CF7C6F00FA2DEA /* View Controllers */,
			);
			path = Controllers;
			sourceTree = "<group>";
		};
		9F50992C24CF69A000FA2DEA /* Models */ = {
			isa = PBXGroup;
			children = (
				9F50992E24CF6A0800FA2DEA /* Alarm.swift */,
			);
			path = Models;
			sourceTree = "<group>";
		};
		9F50992D24CF69E000FA2DEA /* Storyboards */ = {
			isa = PBXGroup;
			children = (
				9F50991B24CF681F00FA2DEA /* Main.storyboard */,
			);
			path = Storyboards;
			sourceTree = "<group>";
		};
		9F50993224CF7C6F00FA2DEA /* View Controllers */ = {
			isa = PBXGroup;
			children = (
				9F50993424CF7D8400FA2DEA /* AlarmListTableViewController.swift */,
				9F50993624CF7D9300FA2DEA /* AlarmDetailTableViewController.swift */,
			);
			path = "View Controllers";
			sourceTree = "<group>";
		};
		9F50993324CF7C7E00FA2DEA /* Model Controllers */ = {
			isa = PBXGroup;
			children = (
				9F50993024CF6C9800FA2DEA /* AlarmController.swift */,
			);
			path = "Model Controllers";
			sourceTree = "<group>";
		};
		9F50993824CF7D9D00FA2DEA /* Views */ = {
			isa = PBXGroup;
			children = (
				9F50993924CF7DC100FA2DEA /* AlarmTableViewCell.swift */,
			);
			path = Views;
			sourceTree = "<group>";
		};
/* End PBXGroup section */

/* Begin PBXNativeTarget section */
		9F50991124CF681F00FA2DEA /* AlarmiOS35 */ = {
			isa = PBXNativeTarget;
			buildConfigurationList = 9F50992624CF682100FA2DEA /* Build configuration list for PBXNativeTarget "AlarmiOS35" */;
			buildPhases = (
				9F50990E24CF681F00FA2DEA /* Sources */,
				9F50990F24CF681F00FA2DEA /* Frameworks */,
				9F50991024CF681F00FA2DEA /* Resources */,
			);
			buildRules = (
			);
			dependencies = (
			);
			name = AlarmiOS35;
			productName = AlarmiOS35;
			productReference = 9F50991224CF681F00FA2DEA /* AlarmiOS35.app */;
			productType = "com.apple.product-type.application";
		};
/* End PBXNativeTarget section */

/* Begin PBXProject section */
		9F50990A24CF681F00FA2DEA /* Project object */ = {
			isa = PBXProject;
			attributes = {
				LastSwiftUpdateCheck = 1160;
				LastUpgradeCheck = 1160;
				ORGANIZATIONNAME = "Todd Crandall";
				TargetAttributes = {
					9F50991124CF681F00FA2DEA = {
						CreatedOnToolsVersion = 11.6;
					};
				};
			};
			buildConfigurationList = 9F50990D24CF681F00FA2DEA /* Build configuration list for PBXProject "AlarmiOS35" */;
			compatibilityVersion = "Xcode 9.3";
			developmentRegion = en;
			hasScannedForEncodings = 0;
			knownRegions = (
				en,
				Base,
			);
			mainGroup = 9F50990924CF681F00FA2DEA;
			productRefGroup = 9F50991324CF681F00FA2DEA /* Products */;
			projectDirPath = "";
			projectRoot = "";
			targets = (
				9F50991124CF681F00FA2DEA /* AlarmiOS35 */,
			);
		};
/* End PBXProject section */

/* Begin PBXResourcesBuildPhase section */
		9F50991024CF681F00FA2DEA /* Resources */ = {
			isa = PBXResourcesBuildPhase;
			buildActionMask = 2147483647;
			files = (
				9F50992224CF682100FA2DEA /* LaunchScreen.storyboard in Resources */,
				9F50991F24CF682100FA2DEA /* Assets.xcassets in Resources */,
				9F50991D24CF681F00FA2DEA /* Main.storyboard in Resources */,
			);
			runOnlyForDeploymentPostprocessing = 0;
		};
/* End PBXResourcesBuildPhase section */

/* Begin PBXSourcesBuildPhase section */
		9F50990E24CF681F00FA2DEA /* Sources */ = {
			isa = PBXSourcesBuildPhase;
			buildActionMask = 2147483647;
			files = (
				9F50993724CF7D9300FA2DEA /* AlarmDetailTableViewController.swift in Sources */,
				9F50991624CF681F00FA2DEA /* AppDelegate.swift in Sources */,
				9F50993124CF6C9800FA2DEA /* AlarmController.swift in Sources */,
				9F50993524CF7D8400FA2DEA /* AlarmListTableViewController.swift in Sources */,
				9F50991824CF681F00FA2DEA /* SceneDelegate.swift in Sources */,
				9F50993A24CF7DC100FA2DEA /* AlarmTableViewCell.swift in Sources */,
				9F50992F24CF6A0800FA2DEA /* Alarm.swift in Sources */,
			);
			runOnlyForDeploymentPostprocessing = 0;
		};
/* End PBXSourcesBuildPhase section */

/* Begin PBXVariantGroup section */
		9F50991B24CF681F00FA2DEA /* Main.storyboard */ = {
			isa = PBXVariantGroup;
			children = (
				9F50991C24CF681F00FA2DEA /* Base */,
			);
			name = Main.storyboard;
			sourceTree = "<group>";
		};
		9F50992024CF682100FA2DEA /* LaunchScreen.storyboard */ = {
			isa = PBXVariantGroup;
			children = (
				9F50992124CF682100FA2DEA /* Base */,
			);
			name = LaunchScreen.storyboard;
			sourceTree = "<group>";
		};
/* End PBXVariantGroup section */

/* Begin XCBuildConfiguration section */
		9F50992424CF682100FA2DEA /* Debug */ = {
			isa = XCBuildConfiguration;
			buildSettings = {
				ALWAYS_SEARCH_USER_PATHS = NO;
				CLANG_ANALYZER_NONNULL = YES;
				CLANG_ANALYZER_NUMBER_OBJECT_CONVERSION = YES_AGGRESSIVE;
				CLANG_CXX_LANGUAGE_STANDARD = "gnu++14";
				CLANG_CXX_LIBRARY = "libc++";
				CLANG_ENABLE_MODULES = YES;
				CLANG_ENABLE_OBJC_ARC = YES;
				CLANG_ENABLE_OBJC_WEAK = YES;
				CLANG_WARN_BLOCK_CAPTURE_AUTORELEASING = YES;
				CLANG_WARN_BOOL_CONVERSION = YES;
				CLANG_WARN_COMMA = YES;
				CLANG_WARN_CONSTANT_CONVERSION = YES;
				CLANG_WARN_DEPRECATED_OBJC_IMPLEMENTATIONS = YES;
				CLANG_WARN_DIRECT_OBJC_ISA_USAGE = YES_ERROR;
				CLANG_WARN_DOCUMENTATION_COMMENTS = YES;
				CLANG_WARN_EMPTY_BODY = YES;
				CLANG_WARN_ENUM_CONVERSION = YES;
				CLANG_WARN_INFINITE_RECURSION = YES;
				CLANG_WARN_INT_CONVERSION = YES;
				CLANG_WARN_NON_LITERAL_NULL_CONVERSION = YES;
				CLANG_WARN_OBJC_IMPLICIT_RETAIN_SELF = YES;
				CLANG_WARN_OBJC_LITERAL_CONVERSION = YES;
				CLANG_WARN_OBJC_ROOT_CLASS = YES_ERROR;
				CLANG_WARN_RANGE_LOOP_ANALYSIS = YES;
				CLANG_WARN_STRICT_PROTOTYPES = YES;
				CLANG_WARN_SUSPICIOUS_MOVE = YES;
				CLANG_WARN_UNGUARDED_AVAILABILITY = YES_AGGRESSIVE;
				CLANG_WARN_UNREACHABLE_CODE = YES;
				CLANG_WARN__DUPLICATE_METHOD_MATCH = YES;
				COPY_PHASE_STRIP = NO;
				DEBUG_INFORMATION_FORMAT = dwarf;
				ENABLE_STRICT_OBJC_MSGSEND = YES;
				ENABLE_TESTABILITY = YES;
				GCC_C_LANGUAGE_STANDARD = gnu11;
				GCC_DYNAMIC_NO_PIC = NO;
				GCC_NO_COMMON_BLOCKS = YES;
				GCC_OPTIMIZATION_LEVEL = 0;
				GCC_PREPROCESSOR_DEFINITIONS = (
					"DEBUG=1",
					"$(inherited)",
				);
				GCC_WARN_64_TO_32_BIT_CONVERSION = YES;
				GCC_WARN_ABOUT_RETURN_TYPE = YES_ERROR;
				GCC_WARN_UNDECLARED_SELECTOR = YES;
				GCC_WARN_UNINITIALIZED_AUTOS = YES_AGGRESSIVE;
				GCC_WARN_UNUSED_FUNCTION = YES;
				GCC_WARN_UNUSED_VARIABLE = YES;
				IPHONEOS_DEPLOYMENT_TARGET = 13.6;
				MTL_ENABLE_DEBUG_INFO = INCLUDE_SOURCE;
				MTL_FAST_MATH = YES;
				ONLY_ACTIVE_ARCH = YES;
				SDKROOT = iphoneos;
				SWIFT_ACTIVE_COMPILATION_CONDITIONS = DEBUG;
				SWIFT_OPTIMIZATION_LEVEL = "-Onone";
			};
			name = Debug;
		};
		9F50992524CF682100FA2DEA /* Release */ = {
			isa = XCBuildConfiguration;
			buildSettings = {
				ALWAYS_SEARCH_USER_PATHS = NO;
				CLANG_ANALYZER_NONNULL = YES;
				CLANG_ANALYZER_NUMBER_OBJECT_CONVERSION = YES_AGGRESSIVE;
				CLANG_CXX_LANGUAGE_STANDARD = "gnu++14";
				CLANG_CXX_LIBRARY = "libc++";
				CLANG_ENABLE_MODULES = YES;
				CLANG_ENABLE_OBJC_ARC = YES;
				CLANG_ENABLE_OBJC_WEAK = YES;
				CLANG_WARN_BLOCK_CAPTURE_AUTORELEASING = YES;
				CLANG_WARN_BOOL_CONVERSION = YES;
				CLANG_WARN_COMMA = YES;
				CLANG_WARN_CONSTANT_CONVERSION = YES;
				CLANG_WARN_DEPRECATED_OBJC_IMPLEMENTATIONS = YES;
				CLANG_WARN_DIRECT_OBJC_ISA_USAGE = YES_ERROR;
				CLANG_WARN_DOCUMENTATION_COMMENTS = YES;
				CLANG_WARN_EMPTY_BODY = YES;
				CLANG_WARN_ENUM_CONVERSION = YES;
				CLANG_WARN_INFINITE_RECURSION = YES;
				CLANG_WARN_INT_CONVERSION = YES;
				CLANG_WARN_NON_LITERAL_NULL_CONVERSION = YES;
				CLANG_WARN_OBJC_IMPLICIT_RETAIN_SELF = YES;
				CLANG_WARN_OBJC_LITERAL_CONVERSION = YES;
				CLANG_WARN_OBJC_ROOT_CLASS = YES_ERROR;
				CLANG_WARN_RANGE_LOOP_ANALYSIS = YES;
				CLANG_WARN_STRICT_PROTOTYPES = YES;
				CLANG_WARN_SUSPICIOUS_MOVE = YES;
				CLANG_WARN_UNGUARDED_AVAILABILITY = YES_AGGRESSIVE;
				CLANG_WARN_UNREACHABLE_CODE = YES;
				CLANG_WARN__DUPLICATE_METHOD_MATCH = YES;
				COPY_PHASE_STRIP = NO;
				DEBUG_INFORMATION_FORMAT = "dwarf-with-dsym";
				ENABLE_NS_ASSERTIONS = NO;
				ENABLE_STRICT_OBJC_MSGSEND = YES;
				GCC_C_LANGUAGE_STANDARD = gnu11;
				GCC_NO_COMMON_BLOCKS = YES;
				GCC_WARN_64_TO_32_BIT_CONVERSION = YES;
				GCC_WARN_ABOUT_RETURN_TYPE = YES_ERROR;
				GCC_WARN_UNDECLARED_SELECTOR = YES;
				GCC_WARN_UNINITIALIZED_AUTOS = YES_AGGRESSIVE;
				GCC_WARN_UNUSED_FUNCTION = YES;
				GCC_WARN_UNUSED_VARIABLE = YES;
				IPHONEOS_DEPLOYMENT_TARGET = 13.6;
				MTL_ENABLE_DEBUG_INFO = NO;
				MTL_FAST_MATH = YES;
				SDKROOT = iphoneos;
				SWIFT_COMPILATION_MODE = wholemodule;
				SWIFT_OPTIMIZATION_LEVEL = "-O";
				VALIDATE_PRODUCT = YES;
			};
			name = Release;
		};
		9F50992724CF682100FA2DEA /* Debug */ = {
			isa = XCBuildConfiguration;
			buildSettings = {
				ASSETCATALOG_COMPILER_APPICON_NAME = AppIcon;
				CODE_SIGN_STYLE = Automatic;
				DEVELOPMENT_TEAM = W526HH7467;
				INFOPLIST_FILE = AlarmiOS35/Resources/Info.plist;
				LD_RUNPATH_SEARCH_PATHS = (
					"$(inherited)",
					"@executable_path/Frameworks",
				);
				PRODUCT_BUNDLE_IDENTIFIER = iOS35.AlarmiOS35;
				PRODUCT_NAME = "$(TARGET_NAME)";
				SWIFT_VERSION = 5.0;
				TARGETED_DEVICE_FAMILY = "1,2";
			};
			name = Debug;
		};
		9F50992824CF682100FA2DEA /* Release */ = {
			isa = XCBuildConfiguration;
			buildSettings = {
				ASSETCATALOG_COMPILER_APPICON_NAME = AppIcon;
				CODE_SIGN_STYLE = Automatic;
				DEVELOPMENT_TEAM = W526HH7467;
				INFOPLIST_FILE = AlarmiOS35/Resources/Info.plist;
				LD_RUNPATH_SEARCH_PATHS = (
					"$(inherited)",
					"@executable_path/Frameworks",
				);
				PRODUCT_BUNDLE_IDENTIFIER = iOS35.AlarmiOS35;
				PRODUCT_NAME = "$(TARGET_NAME)";
				SWIFT_VERSION = 5.0;
				TARGETED_DEVICE_FAMILY = "1,2";
			};
			name = Release;
		};
/* End XCBuildConfiguration section */

/* Begin XCConfigurationList section */
		9F50990D24CF681F00FA2DEA /* Build configuration list for PBXProject "AlarmiOS35" */ = {
			isa = XCConfigurationList;
			buildConfigurations = (
				9F50992424CF682100FA2DEA /* Debug */,
				9F50992524CF682100FA2DEA /* Release */,
			);
			defaultConfigurationIsVisible = 0;
			defaultConfigurationName = Release;
		};
		9F50992624CF682100FA2DEA /* Build configuration list for PBXNativeTarget "AlarmiOS35" */ = {
			isa = XCConfigurationList;
			buildConfigurations = (
				9F50992724CF682100FA2DEA /* Debug */,
				9F50992824CF682100FA2DEA /* Release */,
			);
			defaultConfigurationIsVisible = 0;
			defaultConfigurationName = Release;
		};
/* End XCConfigurationList section */
	};
	rootObject = 9F50990A24CF681F00FA2DEA /* Project object */;
}
